
Microsoft Visual Studio Solution File, Format Version 12.00
# Visual Studio Version 16
VisualStudioVersion = 16.0.30413.136
MinimumVisualStudioVersion = 10.0.40219.1
Project("{FAE04EC0-301F-11D3-BF4B-00C04F79EFBC}") = "TypesAndVariable", "TypesAndVariable\TypesAndVariable.csproj", "{BAE1C635-3936-4D98-80B1-4940D86829C7}"
EndProject
Project("{FAE04EC0-301F-11D3-BF4B-00C04F79EFBC}") = "Conditionals (Sart_Blokları)", "Conditionals (Sart_Blokları)\Conditionals (Sart_Blokları).csproj", "{298AF01F-3ACA-492C-8499-88ECE5D21759}"
EndProject
Project("{FAE04EC0-301F-11D3-BF4B-00C04F79EFBC}") = "Methods", "Methods\Methods.csproj", "{3BC4A610-06FA-4013-86EC-0543B14FE77E}"
EndProject
Project("{FAE04EC0-301F-11D3-BF4B-00C04F79EFBC}") = "Methods_ParamasKeyword", "Methods_ParamasKeyword\Methods_ParamasKeyword.csproj", "{E5834805-0B8A-4D46-9AEC-4FB8CB48672D}"
EndProject
Project("{FAE04EC0-301F-11D3-BF4B-00C04F79EFBC}") = "Arrays", "Arrays\Arrays.csproj", "{C317A393-CC0A-476B-9F6C-1E941A4B7ACF}"
EndProject
Project("{FAE04EC0-301F-11D3-BF4B-00C04F79EFBC}") = "Loops", "Loops\Loops.csproj", "{9126D691-73E0-4377-80A6-825AA4B7BA91}"
EndProject
Project("{FAE04EC0-301F-11D3-BF4B-00C04F79EFBC}") = "Strings", "Strings\Strings.csproj", "{D667A44B-14B9-454B-A970-44AB81D9DD1D}"
EndProject
Project("{FAE04EC0-301F-11D3-BF4B-00C04F79EFBC}") = "Classes", "Classes\Classes.csproj", "{4B442EAC-6D1E-4636-ADAD-51B939FCAA56}"
EndProject
Project("{FAE04EC0-301F-11D3-BF4B-00C04F79EFBC}") = "RecapDemo1", "RecapDemo1\RecapDemo1.csproj", "{C7FD9749-C915-4107-B93D-4E766AED5C47}"
EndProject
Project("{FAE04EC0-301F-11D3-BF4B-00C04F79EFBC}") = "Interfaces", "Interfaces\Interfaces.csproj", "{822D8D70-97CA-4B13-B9AD-527432648E9A}"
EndProject
Project("{FAE04EC0-301F-11D3-BF4B-00C04F79EFBC}") = "InterfacesDEMO", "InterfacesDEMO\InterfacesDEMO.csproj", "{5743A3C5-E9B5-47AF-932A-29BACE35D693}"
EndProject
Project("{FAE04EC0-301F-11D3-BF4B-00C04F79EFBC}") = "Inheritance", "Inheritance\Inheritance.csproj", "{05AC76B4-197D-435D-8B2D-3FDBDF3031B0}"
EndProject
Project("{FAE04EC0-301F-11D3-BF4B-00C04F79EFBC}") = "VirtualMethods", "VirtualMethods\VirtualMethods.csproj", "{1C96E3E6-7222-4F95-9427-6A94F60DD75B}"
EndProject
Project("{FAE04EC0-301F-11D3-BF4B-00C04F79EFBC}") = "AbstractClasses", "AbstractClasses\AbstractClasses.csproj", "{16415ED4-A22F-4C7D-B926-7E102682921F}"
EndProject
Project("{FAE04EC0-301F-11D3-BF4B-00C04F79EFBC}") = "RecapDemo2", "RecapDemo2\RecapDemo2.csproj", "{B2567169-A053-4A32-97D0-06737B9490C4}"
EndProject
Project("{FAE04EC0-301F-11D3-BF4B-00C04F79EFBC}") = "AccessModify", "AccessModify\AccessModify.csproj", "{EF35C3D0-3F2F-4222-BCD3-815E8C8A59AA}"
EndProject
Project("{FAE04EC0-301F-11D3-BF4B-00C04F79EFBC}") = "Internal", "Internal\Internal.csproj", "{048A7EA0-6445-4141-B051-8D74081E2556}"
EndProject
Project("{FAE04EC0-301F-11D3-BF4B-00C04F79EFBC}") = "Public_Metodu", "Public_Metodu\Public_Metodu.csproj", "{EE13635D-A959-4DA0-805E-DFA11AF5B251}"
EndProject
Project("{FAE04EC0-301F-11D3-BF4B-00C04F79EFBC}") = "Public_Metodu_referans", "Public_Metodu_referans\Public_Metodu_referans.csproj", "{258F9E1F-E99E-432E-84DA-77F25567D0DD}"
EndProject
Project("{2150E333-8FDC-42A3-9474-1A3956D46DE8}") = "(13)Erisim_bildirgecleri", "(13)Erisim_bildirgecleri", "{34C325A1-AFEC-46A5-BE4E-CFC0C16983A1}"
EndProject
Project("{2150E333-8FDC-42A3-9474-1A3956D46DE8}") = "(11)Abstract_Siniflar", "(11)Abstract_Siniflar", "{6A617FC7-5848-4F88-887C-0F9BC1D2949C}"
EndProject
Project("{2150E333-8FDC-42A3-9474-1A3956D46DE8}") = "(10)Kalitim", "(10)Kalitim", "{6CA9B8C7-3E8E-4178-B258-3678830B03E7}"
EndProject
Project("{2150E333-8FDC-42A3-9474-1A3956D46DE8}") = "(9)İnterfaces", "(9)İnterfaces", "{3D8407C4-A93A-4BCB-82A7-FC555052B5C5}"
EndProject
Project("{2150E333-8FDC-42A3-9474-1A3956D46DE8}") = "(7)Siniflar", "(7)Siniflar", "{DF450A39-3F9A-4226-A71D-E648D0949C00}"
EndProject
Project("{2150E333-8FDC-42A3-9474-1A3956D46DE8}") = "(6)Stringler", "(6)Stringler", "{0A470C39-3B5E-4729-9FE1-1E126DA75B48}"
EndProject
Project("{2150E333-8FDC-42A3-9474-1A3956D46DE8}") = "(5)Döngüler", "(5)Döngüler", "{199C2F4E-8059-4C6B-B2CF-FDA95C71255F}"
EndProject
Project("{2150E333-8FDC-42A3-9474-1A3956D46DE8}") = "(4)Diziler", "(4)Diziler", "{C78EF90D-3452-44AB-8ED4-3BF7D4F24097}"
EndProject
Project("{2150E333-8FDC-42A3-9474-1A3956D46DE8}") = "(3)Metodlar", "(3)Metodlar", "{46A6C713-E598-4BF4-A621-C713804DAB7F}"
EndProject
Project("{2150E333-8FDC-42A3-9474-1A3956D46DE8}") = "(1)Veri_Tipleri", "(1)Veri_Tipleri", "{C46DF124-71A4-4A1A-B7D9-E9A872C1729F}"
EndProject
Project("{2150E333-8FDC-42A3-9474-1A3956D46DE8}") = "(2)Sart_Blokları", "(2)Sart_Blokları", "{A66D00FC-4FDF-4597-AF8F-98C50068CA23}"
EndProject
Project("{2150E333-8FDC-42A3-9474-1A3956D46DE8}") = "(8)RecapDemo1", "(8)RecapDemo1", "{D98F9416-F24D-4864-B988-45383761B944}"
EndProject
Project("{2150E333-8FDC-42A3-9474-1A3956D46DE8}") = "(12)RecapDemo2", "(12)RecapDemo2", "{1FD42843-4183-47CC-8A42-EB9E07DE50D3}"
EndProject
Project("{FAE04EC0-301F-11D3-BF4B-00C04F79EFBC}") = "Constructors", "Constructors\Constructors.csproj", "{AF194A30-DC16-48EA-AA71-DD7CCED7FA77}"
EndProject
Project("{FAE04EC0-301F-11D3-BF4B-00C04F79EFBC}") = "Contructor_Injector", "Contructor_Injector\Contructor_Injector.csproj", "{40E306E8-9980-4CB7-8BBC-D63C36B14102}"
EndProject
Project("{FAE04EC0-301F-11D3-BF4B-00C04F79EFBC}") = "TemelSinifinYapiciBlogunaParametreYollamak", "StaticClassesAND_Methods\TemelSinifinYapiciBlogunaParametreYollamak.csproj", "{4DA2AB8B-85D6-442F-8B0D-174EF6EDF4DF}"
EndProject
Project("{FAE04EC0-301F-11D3-BF4B-00C04F79EFBC}") = "StaticClasses_and_Methods", "StaticClasses_and_Methods\StaticClasses_and_Methods.csproj", "{CF75BDF8-54C0-4C8E-8E47-530DC5802D58}"
EndProject
Project("{FAE04EC0-301F-11D3-BF4B-00C04F79EFBC}") = "ReferencesAndValueTypes", "ReferencesAndValueTypes\ReferencesAndValueTypes.csproj", "{A8F36CBC-1D91-4052-A94B-75CE03EBD4FC}"
EndProject
Project("{FAE04EC0-301F-11D3-BF4B-00C04F79EFBC}") = "Collections", "Collections\Collections.csproj", "{AAEF87EA-3797-4F19-B08E-9DCCD7F50B12}"
EndProject
Project("{FAE04EC0-301F-11D3-BF4B-00C04F79EFBC}") = "Collections_ArrayLists", "Collections_ArrayLists\Collections_ArrayLists.csproj", "{E382B974-C01D-4E6E-837E-3F9C29F194F1}"
EndProject
Project("{2150E333-8FDC-42A3-9474-1A3956D46DE8}") = "Koleksiyonlar", "Koleksiyonlar", "{CFFEBED0-29E9-40A9-8B18-315D32761A3E}"
EndProject
Project("{FAE04EC0-301F-11D3-BF4B-00C04F79EFBC}") = "TypesSecurtyCollections", "TypesSecurtyCollections\TypesSecurtyCollections.csproj", "{E547117F-123D-433E-AB8F-64FBCA4614F5}"
EndProject
Project("{FAE04EC0-301F-11D3-BF4B-00C04F79EFBC}") = "DictionaryWithWork", "DictionaryWithWork\DictionaryWithWork.csproj", "{32027418-7AA8-49C5-9484-3D0C519D859F}"
EndProject
Project("{FAE04EC0-301F-11D3-BF4B-00C04F79EFBC}") = "Exceptions", "Exceptions\Exceptions.csproj", "{FA01AE3C-48BE-41BE-ABA9-C8080F542FA3}"
EndProject
Project("{2150E333-8FDC-42A3-9474-1A3956D46DE8}") = "YapiciBloklar", "YapiciBloklar", "{60E56566-51F4-4DA6-8CDB-DDE61DC41FDD}"
EndProject
Project("{2150E333-8FDC-42A3-9474-1A3956D46DE8}") = "ReferansVeDegerTip", "ReferansVeDegerTip", "{59FCD67C-8447-4E70-9708-FA458AC5FEF2}"
EndProject
Project("{2150E333-8FDC-42A3-9474-1A3956D46DE8}") = "Hata", "Hata", "{1992A869-3572-4354-9A20-182A99AACB34}"
EndProject
Project("{FAE04EC0-301F-11D3-BF4B-00C04F79EFBC}") = "AdoNetDemo", "AdoNetDemo\AdoNetDemo.csproj", "{4E778F74-0D37-4ED5-AA32-6049AE22B80B}"
EndProject
Project("{FAE04EC0-301F-11D3-BF4B-00C04F79EFBC}") = "AdoNetDemo2", "AdoNetDemo2\AdoNetDemo2.csproj", "{669D25C0-28BE-44DA-8AE6-2B3ED6AC9C87}"
EndProject
Project("{FAE04EC0-301F-11D3-BF4B-00C04F79EFBC}") = "EntityFrameworkDemo", "EntityFrameworkDemo\EntityFrameworkDemo.csproj", "{30A0DBED-4E15-42D7-9312-F423B0B6D4FA}"
EndProject
Project("{FAE04EC0-301F-11D3-BF4B-00C04F79EFBC}") = "EntityFrameworkdAndLINQDemo", "EntityFrameworkdAndLINQDemo\EntityFrameworkdAndLINQDemo.csproj", "{DC8AFD6F-A42B-4DF5-85F1-C206216DE260}"
EndProject
Project("{FAE04EC0-301F-11D3-BF4B-00C04F79EFBC}") = "Generics", "Generics\Generics.csproj", "{12629D2C-D939-4060-AC03-12D0E71F1194}"
EndProject
Project("{FAE04EC0-301F-11D3-BF4B-00C04F79EFBC}") = "Attributes", "Attribute\Attributes.csproj", "{DD1340FC-A6F7-4B22-AEEE-636C541AA911}"
EndProject
Project("{FAE04EC0-301F-11D3-BF4B-00C04F79EFBC}") = "Reflection", "Reflection\Reflection.csproj", "{69C0664A-A9AC-4993-BBB3-910FFCE22FC9}"
EndProject
Project("{FAE04EC0-301F-11D3-BF4B-00C04F79EFBC}") = "Delegates", "Delegates\Delegates.csproj", "{79427B48-9072-4D27-A0B2-F758256C3B22}"
EndProject
Project("{FAE04EC0-301F-11D3-BF4B-00C04F79EFBC}") = "Events", "Events\Events.csproj", "{73FAD55D-6592-43CB-B2AD-FECF9B51BD58}"
EndProject
Global
	GlobalSection(SolutionConfigurationPlatforms) = preSolution
		Debug|Any CPU = Debug|Any CPU
		Release|Any CPU = Release|Any CPU
	EndGlobalSection
	GlobalSection(ProjectConfigurationPlatforms) = postSolution
		{BAE1C635-3936-4D98-80B1-4940D86829C7}.Debug|Any CPU.ActiveCfg = Debug|Any CPU
		{BAE1C635-3936-4D98-80B1-4940D86829C7}.Debug|Any CPU.Build.0 = Debug|Any CPU
		{BAE1C635-3936-4D98-80B1-4940D86829C7}.Release|Any CPU.ActiveCfg = Release|Any CPU
		{BAE1C635-3936-4D98-80B1-4940D86829C7}.Release|Any CPU.Build.0 = Release|Any CPU
		{298AF01F-3ACA-492C-8499-88ECE5D21759}.Debug|Any CPU.ActiveCfg = Debug|Any CPU
		{298AF01F-3ACA-492C-8499-88ECE5D21759}.Debug|Any CPU.Build.0 = Debug|Any CPU
		{298AF01F-3ACA-492C-8499-88ECE5D21759}.Release|Any CPU.ActiveCfg = Release|Any CPU
		{298AF01F-3ACA-492C-8499-88ECE5D21759}.Release|Any CPU.Build.0 = Release|Any CPU
		{3BC4A610-06FA-4013-86EC-0543B14FE77E}.Debug|Any CPU.ActiveCfg = Debug|Any CPU
		{3BC4A610-06FA-4013-86EC-0543B14FE77E}.Debug|Any CPU.Build.0 = Debug|Any CPU
		{3BC4A610-06FA-4013-86EC-0543B14FE77E}.Release|Any CPU.ActiveCfg = Release|Any CPU
		{3BC4A610-06FA-4013-86EC-0543B14FE77E}.Release|Any CPU.Build.0 = Release|Any CPU
		{E5834805-0B8A-4D46-9AEC-4FB8CB48672D}.Debug|Any CPU.ActiveCfg = Debug|Any CPU
		{E5834805-0B8A-4D46-9AEC-4FB8CB48672D}.Debug|Any CPU.Build.0 = Debug|Any CPU
		{E5834805-0B8A-4D46-9AEC-4FB8CB48672D}.Release|Any CPU.ActiveCfg = Release|Any CPU
		{E5834805-0B8A-4D46-9AEC-4FB8CB48672D}.Release|Any CPU.Build.0 = Release|Any CPU
		{C317A393-CC0A-476B-9F6C-1E941A4B7ACF}.Debug|Any CPU.ActiveCfg = Debug|Any CPU
		{C317A393-CC0A-476B-9F6C-1E941A4B7ACF}.Debug|Any CPU.Build.0 = Debug|Any CPU
		{C317A393-CC0A-476B-9F6C-1E941A4B7ACF}.Release|Any CPU.ActiveCfg = Release|Any CPU
		{C317A393-CC0A-476B-9F6C-1E941A4B7ACF}.Release|Any CPU.Build.0 = Release|Any CPU
		{9126D691-73E0-4377-80A6-825AA4B7BA91}.Debug|Any CPU.ActiveCfg = Debug|Any CPU
		{9126D691-73E0-4377-80A6-825AA4B7BA91}.Debug|Any CPU.Build.0 = Debug|Any CPU
		{9126D691-73E0-4377-80A6-825AA4B7BA91}.Release|Any CPU.ActiveCfg = Release|Any CPU
		{9126D691-73E0-4377-80A6-825AA4B7BA91}.Release|Any CPU.Build.0 = Release|Any CPU
		{D667A44B-14B9-454B-A970-44AB81D9DD1D}.Debug|Any CPU.ActiveCfg = Debug|Any CPU
		{D667A44B-14B9-454B-A970-44AB81D9DD1D}.Debug|Any CPU.Build.0 = Debug|Any CPU
		{D667A44B-14B9-454B-A970-44AB81D9DD1D}.Release|Any CPU.ActiveCfg = Release|Any CPU
		{D667A44B-14B9-454B-A970-44AB81D9DD1D}.Release|Any CPU.Build.0 = Release|Any CPU
		{4B442EAC-6D1E-4636-ADAD-51B939FCAA56}.Debug|Any CPU.ActiveCfg = Debug|Any CPU
		{4B442EAC-6D1E-4636-ADAD-51B939FCAA56}.Debug|Any CPU.Build.0 = Debug|Any CPU
		{4B442EAC-6D1E-4636-ADAD-51B939FCAA56}.Release|Any CPU.ActiveCfg = Release|Any CPU
		{4B442EAC-6D1E-4636-ADAD-51B939FCAA56}.Release|Any CPU.Build.0 = Release|Any CPU
		{C7FD9749-C915-4107-B93D-4E766AED5C47}.Debug|Any CPU.ActiveCfg = Debug|Any CPU
		{C7FD9749-C915-4107-B93D-4E766AED5C47}.Debug|Any CPU.Build.0 = Debug|Any CPU
		{C7FD9749-C915-4107-B93D-4E766AED5C47}.Release|Any CPU.ActiveCfg = Release|Any CPU
		{C7FD9749-C915-4107-B93D-4E766AED5C47}.Release|Any CPU.Build.0 = Release|Any CPU
		{822D8D70-97CA-4B13-B9AD-527432648E9A}.Debug|Any CPU.ActiveCfg = Debug|Any CPU
		{822D8D70-97CA-4B13-B9AD-527432648E9A}.Debug|Any CPU.Build.0 = Debug|Any CPU
		{822D8D70-97CA-4B13-B9AD-527432648E9A}.Release|Any CPU.ActiveCfg = Release|Any CPU
		{822D8D70-97CA-4B13-B9AD-527432648E9A}.Release|Any CPU.Build.0 = Release|Any CPU
		{5743A3C5-E9B5-47AF-932A-29BACE35D693}.Debug|Any CPU.ActiveCfg = Debug|Any CPU
		{5743A3C5-E9B5-47AF-932A-29BACE35D693}.Debug|Any CPU.Build.0 = Debug|Any CPU
		{5743A3C5-E9B5-47AF-932A-29BACE35D693}.Release|Any CPU.ActiveCfg = Release|Any CPU
		{5743A3C5-E9B5-47AF-932A-29BACE35D693}.Release|Any CPU.Build.0 = Release|Any CPU
		{05AC76B4-197D-435D-8B2D-3FDBDF3031B0}.Debug|Any CPU.ActiveCfg = Debug|Any CPU
		{05AC76B4-197D-435D-8B2D-3FDBDF3031B0}.Debug|Any CPU.Build.0 = Debug|Any CPU
		{05AC76B4-197D-435D-8B2D-3FDBDF3031B0}.Release|Any CPU.ActiveCfg = Release|Any CPU
		{05AC76B4-197D-435D-8B2D-3FDBDF3031B0}.Release|Any CPU.Build.0 = Release|Any CPU
		{1C96E3E6-7222-4F95-9427-6A94F60DD75B}.Debug|Any CPU.ActiveCfg = Debug|Any CPU
		{1C96E3E6-7222-4F95-9427-6A94F60DD75B}.Debug|Any CPU.Build.0 = Debug|Any CPU
		{1C96E3E6-7222-4F95-9427-6A94F60DD75B}.Release|Any CPU.ActiveCfg = Release|Any CPU
		{1C96E3E6-7222-4F95-9427-6A94F60DD75B}.Release|Any CPU.Build.0 = Release|Any CPU
		{16415ED4-A22F-4C7D-B926-7E102682921F}.Debug|Any CPU.ActiveCfg = Debug|Any CPU
		{16415ED4-A22F-4C7D-B926-7E102682921F}.Debug|Any CPU.Build.0 = Debug|Any CPU
		{16415ED4-A22F-4C7D-B926-7E102682921F}.Release|Any CPU.ActiveCfg = Release|Any CPU
		{16415ED4-A22F-4C7D-B926-7E102682921F}.Release|Any CPU.Build.0 = Release|Any CPU
		{B2567169-A053-4A32-97D0-06737B9490C4}.Debug|Any CPU.ActiveCfg = Debug|Any CPU
		{B2567169-A053-4A32-97D0-06737B9490C4}.Debug|Any CPU.Build.0 = Debug|Any CPU
		{B2567169-A053-4A32-97D0-06737B9490C4}.Release|Any CPU.ActiveCfg = Release|Any CPU
		{B2567169-A053-4A32-97D0-06737B9490C4}.Release|Any CPU.Build.0 = Release|Any CPU
		{EF35C3D0-3F2F-4222-BCD3-815E8C8A59AA}.Debug|Any CPU.ActiveCfg = Debug|Any CPU
		{EF35C3D0-3F2F-4222-BCD3-815E8C8A59AA}.Debug|Any CPU.Build.0 = Debug|Any CPU
		{EF35C3D0-3F2F-4222-BCD3-815E8C8A59AA}.Release|Any CPU.ActiveCfg = Release|Any CPU
		{EF35C3D0-3F2F-4222-BCD3-815E8C8A59AA}.Release|Any CPU.Build.0 = Release|Any CPU
		{048A7EA0-6445-4141-B051-8D74081E2556}.Debug|Any CPU.ActiveCfg = Debug|Any CPU
		{048A7EA0-6445-4141-B051-8D74081E2556}.Debug|Any CPU.Build.0 = Debug|Any CPU
		{048A7EA0-6445-4141-B051-8D74081E2556}.Release|Any CPU.ActiveCfg = Release|Any CPU
		{048A7EA0-6445-4141-B051-8D74081E2556}.Release|Any CPU.Build.0 = Release|Any CPU
		{EE13635D-A959-4DA0-805E-DFA11AF5B251}.Debug|Any CPU.ActiveCfg = Debug|Any CPU
		{EE13635D-A959-4DA0-805E-DFA11AF5B251}.Debug|Any CPU.Build.0 = Debug|Any CPU
		{EE13635D-A959-4DA0-805E-DFA11AF5B251}.Release|Any CPU.ActiveCfg = Release|Any CPU
		{EE13635D-A959-4DA0-805E-DFA11AF5B251}.Release|Any CPU.Build.0 = Release|Any CPU
		{258F9E1F-E99E-432E-84DA-77F25567D0DD}.Debug|Any CPU.ActiveCfg = Debug|Any CPU
		{258F9E1F-E99E-432E-84DA-77F25567D0DD}.Debug|Any CPU.Build.0 = Debug|Any CPU
		{258F9E1F-E99E-432E-84DA-77F25567D0DD}.Release|Any CPU.ActiveCfg = Release|Any CPU
		{258F9E1F-E99E-432E-84DA-77F25567D0DD}.Release|Any CPU.Build.0 = Release|Any CPU
		{AF194A30-DC16-48EA-AA71-DD7CCED7FA77}.Debug|Any CPU.ActiveCfg = Debug|Any CPU
		{AF194A30-DC16-48EA-AA71-DD7CCED7FA77}.Debug|Any CPU.Build.0 = Debug|Any CPU
		{AF194A30-DC16-48EA-AA71-DD7CCED7FA77}.Release|Any CPU.ActiveCfg = Release|Any CPU
		{AF194A30-DC16-48EA-AA71-DD7CCED7FA77}.Release|Any CPU.Build.0 = Release|Any CPU
		{40E306E8-9980-4CB7-8BBC-D63C36B14102}.Debug|Any CPU.ActiveCfg = Debug|Any CPU
		{40E306E8-9980-4CB7-8BBC-D63C36B14102}.Debug|Any CPU.Build.0 = Debug|Any CPU
		{40E306E8-9980-4CB7-8BBC-D63C36B14102}.Release|Any CPU.ActiveCfg = Release|Any CPU
		{40E306E8-9980-4CB7-8BBC-D63C36B14102}.Release|Any CPU.Build.0 = Release|Any CPU
		{4DA2AB8B-85D6-442F-8B0D-174EF6EDF4DF}.Debug|Any CPU.ActiveCfg = Debug|Any CPU
		{4DA2AB8B-85D6-442F-8B0D-174EF6EDF4DF}.Debug|Any CPU.Build.0 = Debug|Any CPU
		{4DA2AB8B-85D6-442F-8B0D-174EF6EDF4DF}.Release|Any CPU.ActiveCfg = Release|Any CPU
		{4DA2AB8B-85D6-442F-8B0D-174EF6EDF4DF}.Release|Any CPU.Build.0 = Release|Any CPU
		{CF75BDF8-54C0-4C8E-8E47-530DC5802D58}.Debug|Any CPU.ActiveCfg = Debug|Any CPU
		{CF75BDF8-54C0-4C8E-8E47-530DC5802D58}.Debug|Any CPU.Build.0 = Debug|Any CPU
		{CF75BDF8-54C0-4C8E-8E47-530DC5802D58}.Release|Any CPU.ActiveCfg = Release|Any CPU
		{CF75BDF8-54C0-4C8E-8E47-530DC5802D58}.Release|Any CPU.Build.0 = Release|Any CPU
		{A8F36CBC-1D91-4052-A94B-75CE03EBD4FC}.Debug|Any CPU.ActiveCfg = Debug|Any CPU
		{A8F36CBC-1D91-4052-A94B-75CE03EBD4FC}.Debug|Any CPU.Build.0 = Debug|Any CPU
		{A8F36CBC-1D91-4052-A94B-75CE03EBD4FC}.Release|Any CPU.ActiveCfg = Release|Any CPU
		{A8F36CBC-1D91-4052-A94B-75CE03EBD4FC}.Release|Any CPU.Build.0 = Release|Any CPU
		{AAEF87EA-3797-4F19-B08E-9DCCD7F50B12}.Debug|Any CPU.ActiveCfg = Debug|Any CPU
		{AAEF87EA-3797-4F19-B08E-9DCCD7F50B12}.Debug|Any CPU.Build.0 = Debug|Any CPU
		{AAEF87EA-3797-4F19-B08E-9DCCD7F50B12}.Release|Any CPU.ActiveCfg = Release|Any CPU
		{AAEF87EA-3797-4F19-B08E-9DCCD7F50B12}.Release|Any CPU.Build.0 = Release|Any CPU
		{E382B974-C01D-4E6E-837E-3F9C29F194F1}.Debug|Any CPU.ActiveCfg = Debug|Any CPU
		{E382B974-C01D-4E6E-837E-3F9C29F194F1}.Debug|Any CPU.Build.0 = Debug|Any CPU
		{E382B974-C01D-4E6E-837E-3F9C29F194F1}.Release|Any CPU.ActiveCfg = Release|Any CPU
		{E382B974-C01D-4E6E-837E-3F9C29F194F1}.Release|Any CPU.Build.0 = Release|Any CPU
		{E547117F-123D-433E-AB8F-64FBCA4614F5}.Debug|Any CPU.ActiveCfg = Debug|Any CPU
		{E547117F-123D-433E-AB8F-64FBCA4614F5}.Debug|Any CPU.Build.0 = Debug|Any CPU
		{E547117F-123D-433E-AB8F-64FBCA4614F5}.Release|Any CPU.ActiveCfg = Release|Any CPU
		{E547117F-123D-433E-AB8F-64FBCA4614F5}.Release|Any CPU.Build.0 = Release|Any CPU
		{32027418-7AA8-49C5-9484-3D0C519D859F}.Debug|Any CPU.ActiveCfg = Debug|Any CPU
		{32027418-7AA8-49C5-9484-3D0C519D859F}.Debug|Any CPU.Build.0 = Debug|Any CPU
		{32027418-7AA8-49C5-9484-3D0C519D859F}.Release|Any CPU.ActiveCfg = Release|Any CPU
		{32027418-7AA8-49C5-9484-3D0C519D859F}.Release|Any CPU.Build.0 = Release|Any CPU
		{FA01AE3C-48BE-41BE-ABA9-C8080F542FA3}.Debug|Any CPU.ActiveCfg = Debug|Any CPU
		{FA01AE3C-48BE-41BE-ABA9-C8080F542FA3}.Debug|Any CPU.Build.0 = Debug|Any CPU
		{FA01AE3C-48BE-41BE-ABA9-C8080F542FA3}.Release|Any CPU.ActiveCfg = Release|Any CPU
		{FA01AE3C-48BE-41BE-ABA9-C8080F542FA3}.Release|Any CPU.Build.0 = Release|Any CPU
		{4E778F74-0D37-4ED5-AA32-6049AE22B80B}.Debug|Any CPU.ActiveCfg = Debug|Any CPU
		{4E778F74-0D37-4ED5-AA32-6049AE22B80B}.Debug|Any CPU.Build.0 = Debug|Any CPU
		{4E778F74-0D37-4ED5-AA32-6049AE22B80B}.Release|Any CPU.ActiveCfg = Release|Any CPU
		{4E778F74-0D37-4ED5-AA32-6049AE22B80B}.Release|Any CPU.Build.0 = Release|Any CPU
		{669D25C0-28BE-44DA-8AE6-2B3ED6AC9C87}.Debug|Any CPU.ActiveCfg = Debug|Any CPU
		{669D25C0-28BE-44DA-8AE6-2B3ED6AC9C87}.Debug|Any CPU.Build.0 = Debug|Any CPU
		{669D25C0-28BE-44DA-8AE6-2B3ED6AC9C87}.Release|Any CPU.ActiveCfg = Release|Any CPU
		{669D25C0-28BE-44DA-8AE6-2B3ED6AC9C87}.Release|Any CPU.Build.0 = Release|Any CPU
		{30A0DBED-4E15-42D7-9312-F423B0B6D4FA}.Debug|Any CPU.ActiveCfg = Debug|Any CPU
		{30A0DBED-4E15-42D7-9312-F423B0B6D4FA}.Debug|Any CPU.Build.0 = Debug|Any CPU
		{30A0DBED-4E15-42D7-9312-F423B0B6D4FA}.Release|Any CPU.ActiveCfg = Release|Any CPU
		{30A0DBED-4E15-42D7-9312-F423B0B6D4FA}.Release|Any CPU.Build.0 = Release|Any CPU
		{DC8AFD6F-A42B-4DF5-85F1-C206216DE260}.Debug|Any CPU.ActiveCfg = Debug|Any CPU
		{DC8AFD6F-A42B-4DF5-85F1-C206216DE260}.Debug|Any CPU.Build.0 = Debug|Any CPU
		{DC8AFD6F-A42B-4DF5-85F1-C206216DE260}.Release|Any CPU.ActiveCfg = Release|Any CPU
		{DC8AFD6F-A42B-4DF5-85F1-C206216DE260}.Release|Any CPU.Build.0 = Release|Any CPU
		{12629D2C-D939-4060-AC03-12D0E71F1194}.Debug|Any CPU.ActiveCfg = Debug|Any CPU
		{12629D2C-D939-4060-AC03-12D0E71F1194}.Debug|Any CPU.Build.0 = Debug|Any CPU
		{12629D2C-D939-4060-AC03-12D0E71F1194}.Release|Any CPU.ActiveCfg = Release|Any CPU
		{12629D2C-D939-4060-AC03-12D0E71F1194}.Release|Any CPU.Build.0 = Release|Any CPU
		{DD1340FC-A6F7-4B22-AEEE-636C541AA911}.Debug|Any CPU.ActiveCfg = Debug|Any CPU
		{DD1340FC-A6F7-4B22-AEEE-636C541AA911}.Debug|Any CPU.Build.0 = Debug|Any CPU
		{DD1340FC-A6F7-4B22-AEEE-636C541AA911}.Release|Any CPU.ActiveCfg = Release|Any CPU
		{DD1340FC-A6F7-4B22-AEEE-636C541AA911}.Release|Any CPU.Build.0 = Release|Any CPU
		{69C0664A-A9AC-4993-BBB3-910FFCE22FC9}.Debug|Any CPU.ActiveCfg = Debug|Any CPU
		{69C0664A-A9AC-4993-BBB3-910FFCE22FC9}.Debug|Any CPU.Build.0 = Debug|Any CPU
		{69C0664A-A9AC-4993-BBB3-910FFCE22FC9}.Release|Any CPU.ActiveCfg = Release|Any CPU
		{69C0664A-A9AC-4993-BBB3-910FFCE22FC9}.Release|Any CPU.Build.0 = Release|Any CPU
		{79427B48-9072-4D27-A0B2-F758256C3B22}.Debug|Any CPU.ActiveCfg = Debug|Any CPU
		{79427B48-9072-4D27-A0B2-F758256C3B22}.Debug|Any CPU.Build.0 = Debug|Any CPU
		{79427B48-9072-4D27-A0B2-F758256C3B22}.Release|Any CPU.ActiveCfg = Release|Any CPU
		{79427B48-9072-4D27-A0B2-F758256C3B22}.Release|Any CPU.Build.0 = Release|Any CPU
		{73FAD55D-6592-43CB-B2AD-FECF9B51BD58}.Debug|Any CPU.ActiveCfg = Debug|Any CPU
		{73FAD55D-6592-43CB-B2AD-FECF9B51BD58}.Debug|Any CPU.Build.0 = Debug|Any CPU
		{73FAD55D-6592-43CB-B2AD-FECF9B51BD58}.Release|Any CPU.ActiveCfg = Release|Any CPU
		{73FAD55D-6592-43CB-B2AD-FECF9B51BD58}.Release|Any CPU.Build.0 = Release|Any CPU
	EndGlobalSection
	GlobalSection(SolutionProperties) = preSolution
		HideSolutionNode = FALSE
	EndGlobalSection
	GlobalSection(NestedProjects) = preSolution
		{BAE1C635-3936-4D98-80B1-4940D86829C7} = {C46DF124-71A4-4A1A-B7D9-E9A872C1729F}
		{298AF01F-3ACA-492C-8499-88ECE5D21759} = {A66D00FC-4FDF-4597-AF8F-98C50068CA23}
		{3BC4A610-06FA-4013-86EC-0543B14FE77E} = {46A6C713-E598-4BF4-A621-C713804DAB7F}
		{E5834805-0B8A-4D46-9AEC-4FB8CB48672D} = {46A6C713-E598-4BF4-A621-C713804DAB7F}
		{C317A393-CC0A-476B-9F6C-1E941A4B7ACF} = {C78EF90D-3452-44AB-8ED4-3BF7D4F24097}
		{9126D691-73E0-4377-80A6-825AA4B7BA91} = {199C2F4E-8059-4C6B-B2CF-FDA95C71255F}
		{D667A44B-14B9-454B-A970-44AB81D9DD1D} = {0A470C39-3B5E-4729-9FE1-1E126DA75B48}
		{4B442EAC-6D1E-4636-ADAD-51B939FCAA56} = {DF450A39-3F9A-4226-A71D-E648D0949C00}
		{C7FD9749-C915-4107-B93D-4E766AED5C47} = {D98F9416-F24D-4864-B988-45383761B944}
		{822D8D70-97CA-4B13-B9AD-527432648E9A} = {3D8407C4-A93A-4BCB-82A7-FC555052B5C5}
		{5743A3C5-E9B5-47AF-932A-29BACE35D693} = {6CA9B8C7-3E8E-4178-B258-3678830B03E7}
		{05AC76B4-197D-435D-8B2D-3FDBDF3031B0} = {6CA9B8C7-3E8E-4178-B258-3678830B03E7}
		{1C96E3E6-7222-4F95-9427-6A94F60DD75B} = {6CA9B8C7-3E8E-4178-B258-3678830B03E7}
		{16415ED4-A22F-4C7D-B926-7E102682921F} = {6A617FC7-5848-4F88-887C-0F9BC1D2949C}
		{B2567169-A053-4A32-97D0-06737B9490C4} = {1FD42843-4183-47CC-8A42-EB9E07DE50D3}
		{EF35C3D0-3F2F-4222-BCD3-815E8C8A59AA} = {34C325A1-AFEC-46A5-BE4E-CFC0C16983A1}
		{048A7EA0-6445-4141-B051-8D74081E2556} = {34C325A1-AFEC-46A5-BE4E-CFC0C16983A1}
		{EE13635D-A959-4DA0-805E-DFA11AF5B251} = {34C325A1-AFEC-46A5-BE4E-CFC0C16983A1}
		{258F9E1F-E99E-432E-84DA-77F25567D0DD} = {34C325A1-AFEC-46A5-BE4E-CFC0C16983A1}
		{AF194A30-DC16-48EA-AA71-DD7CCED7FA77} = {60E56566-51F4-4DA6-8CDB-DDE61DC41FDD}
		{40E306E8-9980-4CB7-8BBC-D63C36B14102} = {60E56566-51F4-4DA6-8CDB-DDE61DC41FDD}
		{4DA2AB8B-85D6-442F-8B0D-174EF6EDF4DF} = {60E56566-51F4-4DA6-8CDB-DDE61DC41FDD}
		{CF75BDF8-54C0-4C8E-8E47-530DC5802D58} = {60E56566-51F4-4DA6-8CDB-DDE61DC41FDD}
		{A8F36CBC-1D91-4052-A94B-75CE03EBD4FC} = {59FCD67C-8447-4E70-9708-FA458AC5FEF2}
		{AAEF87EA-3797-4F19-B08E-9DCCD7F50B12} = {CFFEBED0-29E9-40A9-8B18-315D32761A3E}
		{E382B974-C01D-4E6E-837E-3F9C29F194F1} = {CFFEBED0-29E9-40A9-8B18-315D32761A3E}
		{E547117F-123D-433E-AB8F-64FBCA4614F5} = {CFFEBED0-29E9-40A9-8B18-315D32761A3E}
		{32027418-7AA8-49C5-9484-3D0C519D859F} = {CFFEBED0-29E9-40A9-8B18-315D32761A3E}
		{FA01AE3C-48BE-41BE-ABA9-C8080F542FA3} = {1992A869-3572-4354-9A20-182A99AACB34}
	EndGlobalSection
	GlobalSection(ExtensibilityGlobals) = postSolution
		SolutionGuid = {05AA4C6E-3796-4A78-ACEE-38D11A0BC4E6}
	EndGlobalSection
EndGlobal
